// !$*UTF8*$!
{
	archiveVersion = 1;
	classes = {
	};
	objectVersion = 56;
	objects = {

/* Begin PBXBuildFile section */
		692A2B5E2A8E53F50053BD83 /* webrtcLib.xcframework in Frameworks */ = {isa = PBXBuildFile; fileRef = 692A2B5D2A8E53F50053BD83 /* webrtcLib.xcframework */; };
		69535F682A963159004BAA51 /* VideoFileReader.swift in Sources */ = {isa = PBXBuildFile; fileRef = 69535F672A963159004BAA51 /* VideoFileReader.swift */; };
		695F5C002A96E1300040A2CD /* offer.h264 in Resources */ = {isa = PBXBuildFile; fileRef = 695F5BFF2A96E11F0040A2CD /* offer.h264 */; };
		697CBAF02AB3482E00F9D8E7 /* AudioViewController.swift in Sources */ = {isa = PBXBuildFile; fileRef = 697CBAEF2AB3482E00F9D8E7 /* AudioViewController.swift */; };
		697ECB8D2A8F74C800E2E07A /* VideoCallViewController.swift in Sources */ = {isa = PBXBuildFile; fileRef = 697ECB8C2A8F74C800E2E07A /* VideoCallViewController.swift */; };
		697ECB912A8F753600E2E07A /* VideoCaptureManager.swift in Sources */ = {isa = PBXBuildFile; fileRef = 697ECB902A8F753600E2E07A /* VideoCaptureManager.swift */; };
		697ECB982A8F756300E2E07A /* CMSampleBuffer+extension.swift in Sources */ = {isa = PBXBuildFile; fileRef = 697ECB922A8F756300E2E07A /* CMSampleBuffer+extension.swift */; };
		697ECB992A8F756300E2E07A /* H264Unit.swift in Sources */ = {isa = PBXBuildFile; fileRef = 697ECB932A8F756300E2E07A /* H264Unit.swift */; };
		697ECB9A2A8F756300E2E07A /* H264Encoder.swift in Sources */ = {isa = PBXBuildFile; fileRef = 697ECB942A8F756300E2E07A /* H264Encoder.swift */; };
		697ECB9D2A8F756300E2E07A /* NALUParser.swift in Sources */ = {isa = PBXBuildFile; fileRef = 697ECB972A8F756300E2E07A /* NALUParser.swift */; };
		69EA25BA2A907B3B007DA7F8 /* libresolv.tbd in Frameworks */ = {isa = PBXBuildFile; fileRef = 69EA25B92A907B26007DA7F8 /* libresolv.tbd */; };
		69EA25BC2A907C5A007DA7F8 /* Util.swift in Sources */ = {isa = PBXBuildFile; fileRef = 69EA25BB2A907C5A007DA7F8 /* Util.swift */; };
		69FA7D342A8E415500B9DF52 /* AppDelegate.swift in Sources */ = {isa = PBXBuildFile; fileRef = 69FA7D332A8E415500B9DF52 /* AppDelegate.swift */; };
		69FA7D362A8E415500B9DF52 /* SceneDelegate.swift in Sources */ = {isa = PBXBuildFile; fileRef = 69FA7D352A8E415500B9DF52 /* SceneDelegate.swift */; };
		69FA7D3B2A8E415500B9DF52 /* Main.storyboard in Resources */ = {isa = PBXBuildFile; fileRef = 69FA7D392A8E415500B9DF52 /* Main.storyboard */; };
		69FA7D3E2A8E415500B9DF52 /* bsip.xcdatamodeld in Sources */ = {isa = PBXBuildFile; fileRef = 69FA7D3C2A8E415500B9DF52 /* bsip.xcdatamodeld */; };
		69FA7D402A8E415600B9DF52 /* Assets.xcassets in Resources */ = {isa = PBXBuildFile; fileRef = 69FA7D3F2A8E415600B9DF52 /* Assets.xcassets */; };
		69FA7D432A8E415600B9DF52 /* LaunchScreen.storyboard in Resources */ = {isa = PBXBuildFile; fileRef = 69FA7D412A8E415600B9DF52 /* LaunchScreen.storyboard */; };
/* End PBXBuildFile section */

/* Begin PBXFileReference section */
		692A2B5D2A8E53F50053BD83 /* webrtcLib.xcframework */ = {isa = PBXFileReference; lastKnownFileType = wrapper.xcframework; name = webrtcLib.xcframework; path = bin/webrtcLib.xcframework; sourceTree = "<group>"; };
		69535F672A963159004BAA51 /* VideoFileReader.swift */ = {isa = PBXFileReference; lastKnownFileType = sourcecode.swift; path = VideoFileReader.swift; sourceTree = "<group>"; };
		695F5BFF2A96E11F0040A2CD /* offer.h264 */ = {isa = PBXFileReference; lastKnownFileType = file; path = offer.h264; sourceTree = "<group>"; };
		697CBAEF2AB3482E00F9D8E7 /* AudioViewController.swift */ = {isa = PBXFileReference; lastKnownFileType = sourcecode.swift; path = AudioViewController.swift; sourceTree = "<group>"; };
		697ECB8C2A8F74C800E2E07A /* VideoCallViewController.swift */ = {isa = PBXFileReference; lastKnownFileType = sourcecode.swift; path = VideoCallViewController.swift; sourceTree = "<group>"; };
		697ECB902A8F753600E2E07A /* VideoCaptureManager.swift */ = {isa = PBXFileReference; fileEncoding = 4; lastKnownFileType = sourcecode.swift; path = VideoCaptureManager.swift; sourceTree = "<group>"; };
		697ECB922A8F756300E2E07A /* CMSampleBuffer+extension.swift */ = {isa = PBXFileReference; fileEncoding = 4; lastKnownFileType = sourcecode.swift; path = "CMSampleBuffer+extension.swift"; sourceTree = "<group>"; };
		697ECB932A8F756300E2E07A /* H264Unit.swift */ = {isa = PBXFileReference; fileEncoding = 4; lastKnownFileType = sourcecode.swift; path = H264Unit.swift; sourceTree = "<group>"; };
		697ECB942A8F756300E2E07A /* H264Encoder.swift */ = {isa = PBXFileReference; fileEncoding = 4; lastKnownFileType = sourcecode.swift; path = H264Encoder.swift; sourceTree = "<group>"; };
		697ECB972A8F756300E2E07A /* NALUParser.swift */ = {isa = PBXFileReference; fileEncoding = 4; lastKnownFileType = sourcecode.swift; path = NALUParser.swift; sourceTree = "<group>"; };
		69EA25B92A907B26007DA7F8 /* libresolv.tbd */ = {isa = PBXFileReference; lastKnownFileType = "sourcecode.text-based-dylib-definition"; name = libresolv.tbd; path = usr/lib/libresolv.tbd; sourceTree = SDKROOT; };
		69EA25BB2A907C5A007DA7F8 /* Util.swift */ = {isa = PBXFileReference; lastKnownFileType = sourcecode.swift; path = Util.swift; sourceTree = "<group>"; };
		69FA7D302A8E415500B9DF52 /* bsip.app */ = {isa = PBXFileReference; explicitFileType = wrapper.application; includeInIndex = 0; path = bsip.app; sourceTree = BUILT_PRODUCTS_DIR; };
		69FA7D332A8E415500B9DF52 /* AppDelegate.swift */ = {isa = PBXFileReference; lastKnownFileType = sourcecode.swift; path = AppDelegate.swift; sourceTree = "<group>"; };
		69FA7D352A8E415500B9DF52 /* SceneDelegate.swift */ = {isa = PBXFileReference; lastKnownFileType = sourcecode.swift; path = SceneDelegate.swift; sourceTree = "<group>"; };
		69FA7D3A2A8E415500B9DF52 /* Base */ = {isa = PBXFileReference; lastKnownFileType = file.storyboard; name = Base; path = Base.lproj/Main.storyboard; sourceTree = "<group>"; };
		69FA7D3D2A8E415500B9DF52 /* bsip.xcdatamodel */ = {isa = PBXFileReference; lastKnownFileType = wrapper.xcdatamodel; path = bsip.xcdatamodel; sourceTree = "<group>"; };
		69FA7D3F2A8E415600B9DF52 /* Assets.xcassets */ = {isa = PBXFileReference; lastKnownFileType = folder.assetcatalog; path = Assets.xcassets; sourceTree = "<group>"; };
		69FA7D422A8E415600B9DF52 /* Base */ = {isa = PBXFileReference; lastKnownFileType = file.storyboard; name = Base; path = Base.lproj/LaunchScreen.storyboard; sourceTree = "<group>"; };
		69FA7D442A8E415600B9DF52 /* Info.plist */ = {isa = PBXFileReference; lastKnownFileType = text.plist.xml; path = Info.plist; sourceTree = "<group>"; };
/* End PBXFileReference section */

/* Begin PBXFrameworksBuildPhase section */
		69FA7D2D2A8E415500B9DF52 /* Frameworks */ = {
			isa = PBXFrameworksBuildPhase;
			buildActionMask = 2147483647;
			files = (
				69EA25BA2A907B3B007DA7F8 /* libresolv.tbd in Frameworks */,
				692A2B5E2A8E53F50053BD83 /* webrtcLib.xcframework in Frameworks */,
			);
			runOnlyForDeploymentPostprocessing = 0;
		};
/* End PBXFrameworksBuildPhase section */

/* Begin PBXGroup section */
		69EA25B82A905C86007DA7F8 /* media */ = {
			isa = PBXGroup;
			children = (
				697ECB922A8F756300E2E07A /* CMSampleBuffer+extension.swift */,
				69535F672A963159004BAA51 /* VideoFileReader.swift */,
				697ECB942A8F756300E2E07A /* H264Encoder.swift */,
				697ECB932A8F756300E2E07A /* H264Unit.swift */,
				697ECB972A8F756300E2E07A /* NALUParser.swift */,
				697ECB902A8F753600E2E07A /* VideoCaptureManager.swift */,
				69EA25BB2A907C5A007DA7F8 /* Util.swift */,
			);
			path = media;
			sourceTree = "<group>";
		};
		69FA7D272A8E415500B9DF52 = {
			isa = PBXGroup;
			children = (
				69FA7D322A8E415500B9DF52 /* bsip */,
				69FA7D312A8E415500B9DF52 /* Products */,
				69FA7D4A2A8E4BD700B9DF52 /* Frameworks */,
			);
			sourceTree = "<group>";
		};
		69FA7D312A8E415500B9DF52 /* Products */ = {
			isa = PBXGroup;
			children = (
				69FA7D302A8E415500B9DF52 /* bsip.app */,
			);
			name = Products;
			sourceTree = "<group>";
		};
		69FA7D322A8E415500B9DF52 /* bsip */ = {
			isa = PBXGroup;
			children = (
				695F5BFF2A96E11F0040A2CD /* offer.h264 */,
				69EA25B82A905C86007DA7F8 /* media */,
				69FA7D332A8E415500B9DF52 /* AppDelegate.swift */,
				69FA7D352A8E415500B9DF52 /* SceneDelegate.swift */,
				697ECB8C2A8F74C800E2E07A /* VideoCallViewController.swift */,
				697CBAEF2AB3482E00F9D8E7 /* AudioViewController.swift */,
				69FA7D392A8E415500B9DF52 /* Main.storyboard */,
				69FA7D3F2A8E415600B9DF52 /* Assets.xcassets */,
				69FA7D412A8E415600B9DF52 /* LaunchScreen.storyboard */,
				69FA7D442A8E415600B9DF52 /* Info.plist */,
				69FA7D3C2A8E415500B9DF52 /* bsip.xcdatamodeld */,
			);
			path = bsip;
			sourceTree = "<group>";
		};
		69FA7D4A2A8E4BD700B9DF52 /* Frameworks */ = {
			isa = PBXGroup;
			children = (
				69EA25B92A907B26007DA7F8 /* libresolv.tbd */,
				692A2B5D2A8E53F50053BD83 /* webrtcLib.xcframework */,
			);
			name = Frameworks;
			sourceTree = "<group>";
		};
/* End PBXGroup section */

/* Begin PBXNativeTarget section */
		69FA7D2F2A8E415500B9DF52 /* bsip */ = {
			isa = PBXNativeTarget;
			buildConfigurationList = 69FA7D472A8E415600B9DF52 /* Build configuration list for PBXNativeTarget "bsip" */;
			buildPhases = (
				69FA7D2C2A8E415500B9DF52 /* Sources */,
				69FA7D2D2A8E415500B9DF52 /* Frameworks */,
				69FA7D2E2A8E415500B9DF52 /* Resources */,
			);
			buildRules = (
			);
			dependencies = (
			);
			name = bsip;
			productName = bsip;
			productReference = 69FA7D302A8E415500B9DF52 /* bsip.app */;
			productType = "com.apple.product-type.application";
		};
/* End PBXNativeTarget section */

/* Begin PBXProject section */
		69FA7D282A8E415500B9DF52 /* Project object */ = {
			isa = PBXProject;
			attributes = {
				BuildIndependentTargetsInParallel = 1;
				LastSwiftUpdateCheck = 1430;
				LastUpgradeCheck = 1430;
				TargetAttributes = {
					69FA7D2F2A8E415500B9DF52 = {
						CreatedOnToolsVersion = 14.3.1;
					};
				};
			};
			buildConfigurationList = 69FA7D2B2A8E415500B9DF52 /* Build configuration list for PBXProject "bsip" */;
			compatibilityVersion = "Xcode 14.0";
			developmentRegion = en;
			hasScannedForEncodings = 0;
			knownRegions = (
				en,
				Base,
			);
			mainGroup = 69FA7D272A8E415500B9DF52;
			productRefGroup = 69FA7D312A8E415500B9DF52 /* Products */;
			projectDirPath = "";
			projectRoot = "";
			targets = (
				69FA7D2F2A8E415500B9DF52 /* bsip */,
			);
		};
/* End PBXProject section */

/* Begin PBXResourcesBuildPhase section */
		69FA7D2E2A8E415500B9DF52 /* Resources */ = {
			isa = PBXResourcesBuildPhase;
			buildActionMask = 2147483647;
			files = (
				695F5C002A96E1300040A2CD /* offer.h264 in Resources */,
				69FA7D432A8E415600B9DF52 /* LaunchScreen.storyboard in Resources */,
				69FA7D402A8E415600B9DF52 /* Assets.xcassets in Resources */,
				69FA7D3B2A8E415500B9DF52 /* Main.storyboard in Resources */,
			);
			runOnlyForDeploymentPostprocessing = 0;
		};
/* End PBXResourcesBuildPhase section */

/* Begin PBXSourcesBuildPhase section */
		69FA7D2C2A8E415500B9DF52 /* Sources */ = {
			isa = PBXSourcesBuildPhase;
			buildActionMask = 2147483647;
			files = (
				69EA25BC2A907C5A007DA7F8 /* Util.swift in Sources */,
				697ECB9D2A8F756300E2E07A /* NALUParser.swift in Sources */,
				697ECB9A2A8F756300E2E07A /* H264Encoder.swift in Sources */,
				69FA7D342A8E415500B9DF52 /* AppDelegate.swift in Sources */,
				697ECB912A8F753600E2E07A /* VideoCaptureManager.swift in Sources */,
				697CBAF02AB3482E00F9D8E7 /* AudioViewController.swift in Sources */,
				69FA7D362A8E415500B9DF52 /* SceneDelegate.swift in Sources */,
				697ECB982A8F756300E2E07A /* CMSampleBuffer+extension.swift in Sources */,
				697ECB992A8F756300E2E07A /* H264Unit.swift in Sources */,
				697ECB8D2A8F74C800E2E07A /* VideoCallViewController.swift in Sources */,
				69FA7D3E2A8E415500B9DF52 /* bsip.xcdatamodeld in Sources */,
				69535F682A963159004BAA51 /* VideoFileReader.swift in Sources */,
			);
			runOnlyForDeploymentPostprocessing = 0;
		};
/* End PBXSourcesBuildPhase section */

/* Begin PBXVariantGroup section */
		69FA7D392A8E415500B9DF52 /* Main.storyboard */ = {
			isa = PBXVariantGroup;
			children = (
				69FA7D3A2A8E415500B9DF52 /* Base */,
			);
			name = Main.storyboard;
			sourceTree = "<group>";
		};
		69FA7D412A8E415600B9DF52 /* LaunchScreen.storyboard */ = {
			isa = PBXVariantGroup;
			children = (
				69FA7D422A8E415600B9DF52 /* Base */,
			);
			name = LaunchScreen.storyboard;
			sourceTree = "<group>";
		};
/* End PBXVariantGroup section */

/* Begin XCBuildConfiguration section */
		69FA7D452A8E415600B9DF52 /* Debug */ = {
			isa = XCBuildConfiguration;
			buildSettings = {
				ALWAYS_SEARCH_USER_PATHS = NO;
				CLANG_ANALYZER_NONNULL = YES;
				CLANG_ANALYZER_NUMBER_OBJECT_CONVERSION = YES_AGGRESSIVE;
				CLANG_CXX_LANGUAGE_STANDARD = "gnu++20";
				CLANG_ENABLE_MODULES = YES;
				CLANG_ENABLE_OBJC_ARC = YES;
				CLANG_ENABLE_OBJC_WEAK = YES;
				CLANG_WARN_BLOCK_CAPTURE_AUTORELEASING = YES;
				CLANG_WARN_BOOL_CONVERSION = YES;
				CLANG_WARN_COMMA = YES;
				CLANG_WARN_CONSTANT_CONVERSION = YES;
				CLANG_WARN_DEPRECATED_OBJC_IMPLEMENTATIONS = YES;
				CLANG_WARN_DIRECT_OBJC_ISA_USAGE = YES_ERROR;
				CLANG_WARN_DOCUMENTATION_COMMENTS = YES;
				CLANG_WARN_EMPTY_BODY = YES;
				CLANG_WARN_ENUM_CONVERSION = YES;
				CLANG_WARN_INFINITE_RECURSION = YES;
				CLANG_WARN_INT_CONVERSION = YES;
				CLANG_WARN_NON_LITERAL_NULL_CONVERSION = YES;
				CLANG_WARN_OBJC_IMPLICIT_RETAIN_SELF = YES;
				CLANG_WARN_OBJC_LITERAL_CONVERSION = YES;
				CLANG_WARN_OBJC_ROOT_CLASS = YES_ERROR;
				CLANG_WARN_QUOTED_INCLUDE_IN_FRAMEWORK_HEADER = YES;
				CLANG_WARN_RANGE_LOOP_ANALYSIS = YES;
				CLANG_WARN_STRICT_PROTOTYPES = YES;
				CLANG_WARN_SUSPICIOUS_MOVE = YES;
				CLANG_WARN_UNGUARDED_AVAILABILITY = YES_AGGRESSIVE;
				CLANG_WARN_UNREACHABLE_CODE = YES;
				CLANG_WARN__DUPLICATE_METHOD_MATCH = YES;
				COPY_PHASE_STRIP = NO;
				DEBUG_INFORMATION_FORMAT = dwarf;
				ENABLE_STRICT_OBJC_MSGSEND = YES;
				ENABLE_TESTABILITY = YES;
				GCC_C_LANGUAGE_STANDARD = gnu11;
				GCC_DYNAMIC_NO_PIC = NO;
				GCC_NO_COMMON_BLOCKS = YES;
				GCC_OPTIMIZATION_LEVEL = 0;
				GCC_PREPROCESSOR_DEFINITIONS = (
					"DEBUG=1",
					"$(inherited)",
				);
				GCC_WARN_64_TO_32_BIT_CONVERSION = YES;
				GCC_WARN_ABOUT_RETURN_TYPE = YES_ERROR;
				GCC_WARN_UNDECLARED_SELECTOR = YES;
				GCC_WARN_UNINITIALIZED_AUTOS = YES_AGGRESSIVE;
				GCC_WARN_UNUSED_FUNCTION = YES;
				GCC_WARN_UNUSED_VARIABLE = YES;
				IPHONEOS_DEPLOYMENT_TARGET = 16.4;
				MTL_ENABLE_DEBUG_INFO = INCLUDE_SOURCE;
				MTL_FAST_MATH = YES;
				ONLY_ACTIVE_ARCH = YES;
				SDKROOT = iphoneos;
				SWIFT_ACTIVE_COMPILATION_CONDITIONS = DEBUG;
				SWIFT_OPTIMIZATION_LEVEL = "-Onone";
			};
			name = Debug;
		};
		69FA7D462A8E415600B9DF52 /* Release */ = {
			isa = XCBuildConfiguration;
			buildSettings = {
				ALWAYS_SEARCH_USER_PATHS = NO;
				CLANG_ANALYZER_NONNULL = YES;
				CLANG_ANALYZER_NUMBER_OBJECT_CONVERSION = YES_AGGRESSIVE;
				CLANG_CXX_LANGUAGE_STANDARD = "gnu++20";
				CLANG_ENABLE_MODULES = YES;
				CLANG_ENABLE_OBJC_ARC = YES;
				CLANG_ENABLE_OBJC_WEAK = YES;
				CLANG_WARN_BLOCK_CAPTURE_AUTORELEASING = YES;
				CLANG_WARN_BOOL_CONVERSION = YES;
				CLANG_WARN_COMMA = YES;
				CLANG_WARN_CONSTANT_CONVERSION = YES;
				CLANG_WARN_DEPRECATED_OBJC_IMPLEMENTATIONS = YES;
				CLANG_WARN_DIRECT_OBJC_ISA_USAGE = YES_ERROR;
				CLANG_WARN_DOCUMENTATION_COMMENTS = YES;
				CLANG_WARN_EMPTY_BODY = YES;
				CLANG_WARN_ENUM_CONVERSION = YES;
				CLANG_WARN_INFINITE_RECURSION = YES;
				CLANG_WARN_INT_CONVERSION = YES;
				CLANG_WARN_NON_LITERAL_NULL_CONVERSION = YES;
				CLANG_WARN_OBJC_IMPLICIT_RETAIN_SELF = YES;
				CLANG_WARN_OBJC_LITERAL_CONVERSION = YES;
				CLANG_WARN_OBJC_ROOT_CLASS = YES_ERROR;
				CLANG_WARN_QUOTED_INCLUDE_IN_FRAMEWORK_HEADER = YES;
				CLANG_WARN_RANGE_LOOP_ANALYSIS = YES;
				CLANG_WARN_STRICT_PROTOTYPES = YES;
				CLANG_WARN_SUSPICIOUS_MOVE = YES;
				CLANG_WARN_UNGUARDED_AVAILABILITY = YES_AGGRESSIVE;
				CLANG_WARN_UNREACHABLE_CODE = YES;
				CLANG_WARN__DUPLICATE_METHOD_MATCH = YES;
				COPY_PHASE_STRIP = NO;
				DEBUG_INFORMATION_FORMAT = "dwarf-with-dsym";
				ENABLE_NS_ASSERTIONS = NO;
				ENABLE_STRICT_OBJC_MSGSEND = YES;
				GCC_C_LANGUAGE_STANDARD = gnu11;
				GCC_NO_COMMON_BLOCKS = YES;
				GCC_WARN_64_TO_32_BIT_CONVERSION = YES;
				GCC_WARN_ABOUT_RETURN_TYPE = YES_ERROR;
				GCC_WARN_UNDECLARED_SELECTOR = YES;
				GCC_WARN_UNINITIALIZED_AUTOS = YES_AGGRESSIVE;
				GCC_WARN_UNUSED_FUNCTION = YES;
				GCC_WARN_UNUSED_VARIABLE = YES;
				IPHONEOS_DEPLOYMENT_TARGET = 16.4;
				MTL_ENABLE_DEBUG_INFO = NO;
				MTL_FAST_MATH = YES;
				SDKROOT = iphoneos;
				SWIFT_COMPILATION_MODE = wholemodule;
				SWIFT_OPTIMIZATION_LEVEL = "-O";
				VALIDATE_PRODUCT = YES;
			};
			name = Release;
		};
		69FA7D482A8E415600B9DF52 /* Debug */ = {
			isa = XCBuildConfiguration;
			buildSettings = {
				ASSETCATALOG_COMPILER_APPICON_NAME = AppIcon;
				ASSETCATALOG_COMPILER_GLOBAL_ACCENT_COLOR_NAME = AccentColor;
				CLANG_CXX_LIBRARY = "libc++";
				"CODE_SIGN_IDENTITY[sdk=iphoneos*]" = "iPhone Developer";
				CODE_SIGN_STYLE = Manual;
				CURRENT_PROJECT_VERSION = 1;
				DEVELOPMENT_TEAM = "";
				"DEVELOPMENT_TEAM[sdk=iphoneos*]" = 2XYK8RBB6M;
				FRAMEWORK_SEARCH_PATHS = (
					"$(PROJECT_DIR)/bin",
					"$(inherited)",
				);
				GENERATE_INFOPLIST_FILE = YES;
				INFOPLIST_FILE = bsip/Info.plist;
				INFOPLIST_KEY_NSCameraUsageDescription = "用于视频通话";
				INFOPLIST_KEY_NSMicrophoneUsageDescription = "用于语音通话";
				INFOPLIST_KEY_UIApplicationSupportsIndirectInputEvents = YES;
				INFOPLIST_KEY_UILaunchStoryboardName = LaunchScreen;
				INFOPLIST_KEY_UIMainStoryboardFile = Main;
				INFOPLIST_KEY_UISupportedInterfaceOrientations = "UIInterfaceOrientationLandscapeLeft UIInterfaceOrientationLandscapeRight UIInterfaceOrientationPortrait UIInterfaceOrientationPortraitUpsideDown";
				IPHONEOS_DEPLOYMENT_TARGET = 14.0;
				LD_RUNPATH_SEARCH_PATHS = (
					"$(inherited)",
					"@executable_path/Frameworks",
				);
				LIBRARY_SEARCH_PATHS = (
					"$(PROJECT_DIR)/bin",
					"$(inherited)",
				);
				MARKETING_VERSION = 1.0;
				PRODUCT_BUNDLE_IDENTIFIER = com.baschain.bsip;
				PRODUCT_NAME = "$(TARGET_NAME)";
				PROVISIONING_PROFILE_SPECIFIER = "";
				"PROVISIONING_PROFILE_SPECIFIER[sdk=iphoneos*]" = dev_bsip;
				SUPPORTED_PLATFORMS = "iphoneos iphonesimulator";
				SUPPORTS_MACCATALYST = NO;
				SUPPORTS_MAC_DESIGNED_FOR_IPHONE_IPAD = NO;
				SWIFT_EMIT_LOC_STRINGS = YES;
				SWIFT_VERSION = 5.0;
				TARGETED_DEVICE_FAMILY = "1,2";
			};
			name = Debug;
		};
		69FA7D492A8E415600B9DF52 /* Release */ = {
			isa = XCBuildConfiguration;
			buildSettings = {
				ASSETCATALOG_COMPILER_APPICON_NAME = AppIcon;
				ASSETCATALOG_COMPILER_GLOBAL_ACCENT_COLOR_NAME = AccentColor;
				CLANG_CXX_LIBRARY = "libc++";
				"CODE_SIGN_IDENTITY[sdk=iphoneos*]" = "iPhone Developer";
				CODE_SIGN_STYLE = Manual;
				CURRENT_PROJECT_VERSION = 1;
				DEVELOPMENT_TEAM = "";
				"DEVELOPMENT_TEAM[sdk=iphoneos*]" = 2XYK8RBB6M;
				FRAMEWORK_SEARCH_PATHS = (
					"$(PROJECT_DIR)/bin",
					"$(inherited)",
				);
				GENERATE_INFOPLIST_FILE = YES;
				INFOPLIST_FILE = bsip/Info.plist;
				INFOPLIST_KEY_NSCameraUsageDescription = "用于视频通话";
				INFOPLIST_KEY_NSMicrophoneUsageDescription = "用于语音通话";
				INFOPLIST_KEY_UIApplicationSupportsIndirectInputEvents = YES;
				INFOPLIST_KEY_UILaunchStoryboardName = LaunchScreen;
				INFOPLIST_KEY_UIMainStoryboardFile = Main;
				INFOPLIST_KEY_UISupportedInterfaceOrientations = "UIInterfaceOrientationLandscapeLeft UIInterfaceOrientationLandscapeRight UIInterfaceOrientationPortrait UIInterfaceOrientationPortraitUpsideDown";
				IPHONEOS_DEPLOYMENT_TARGET = 14.0;
				LD_RUNPATH_SEARCH_PATHS = (
					"$(inherited)",
					"@executable_path/Frameworks",
				);
				LIBRARY_SEARCH_PATHS = (
					"$(PROJECT_DIR)/bin",
					"$(inherited)",
				);
				MARKETING_VERSION = 1.0;
				PRODUCT_BUNDLE_IDENTIFIER = com.baschain.bsip;
				PRODUCT_NAME = "$(TARGET_NAME)";
				PROVISIONING_PROFILE_SPECIFIER = "";
				"PROVISIONING_PROFILE_SPECIFIER[sdk=iphoneos*]" = dev_bsip;
				SUPPORTED_PLATFORMS = "iphoneos iphonesimulator";
				SUPPORTS_MACCATALYST = NO;
				SUPPORTS_MAC_DESIGNED_FOR_IPHONE_IPAD = NO;
				SWIFT_EMIT_LOC_STRINGS = YES;
				SWIFT_VERSION = 5.0;
				TARGETED_DEVICE_FAMILY = "1,2";
			};
			name = Release;
		};
/* End XCBuildConfiguration section */

/* Begin XCConfigurationList section */
		69FA7D2B2A8E415500B9DF52 /* Build configuration list for PBXProject "bsip" */ = {
			isa = XCConfigurationList;
			buildConfigurations = (
				69FA7D452A8E415600B9DF52 /* Debug */,
				69FA7D462A8E415600B9DF52 /* Release */,
			);
			defaultConfigurationIsVisible = 0;
			defaultConfigurationName = Release;
		};
		69FA7D472A8E415600B9DF52 /* Build configuration list for PBXNativeTarget "bsip" */ = {
			isa = XCConfigurationList;
			buildConfigurations = (
				69FA7D482A8E415600B9DF52 /* Debug */,
				69FA7D492A8E415600B9DF52 /* Release */,
			);
			defaultConfigurationIsVisible = 0;
			defaultConfigurationName = Release;
		};
/* End XCConfigurationList section */

/* Begin XCVersionGroup section */
		69FA7D3C2A8E415500B9DF52 /* bsip.xcdatamodeld */ = {
			isa = XCVersionGroup;
			children = (
				69FA7D3D2A8E415500B9DF52 /* bsip.xcdatamodel */,
			);
			currentVersion = 69FA7D3D2A8E415500B9DF52 /* bsip.xcdatamodel */;
			path = bsip.xcdatamodeld;
			sourceTree = "<group>";
			versionGroupType = wrapper.xcdatamodel;
		};
/* End XCVersionGroup section */
	};
	rootObject = 69FA7D282A8E415500B9DF52 /* Project object */;
}
